# generated by rye
# use `rye lock` or `rye sync` to update this lockfile
#
# last locked with the following flags:
#   pre: false
#   features: []
#   all-features: false
#   with-sources: false
#   generate-hashes: false

-e file:exercises/01_intro/01_setup
-e file:exercises/01_intro/01_setup/sample
-e file:exercises/01_intro/02_modules
-e file:exercises/01_intro/02_modules/sample
-e file:exercises/01_intro/03_functions
-e file:exercises/01_intro/03_functions/sample
-e file:exercises/01_intro/04_arguments
-e file:exercises/01_intro/04_arguments/sample
pip==24.1.1
